
Microsoft Visual Studio Solution File, Format Version 12.00
# Visual Studio Version 17
VisualStudioVersion = 17.0.31903.59
MinimumVisualStudioVersion = 10.0.40219.1
Project("{FAE04EC0-301F-11D3-BF4B-00C04F79EFBC}") = "ImageHandler.Core", "ImageHandler.Core\ImageHandler.Core.csproj", "{D78A442D-FFE4-4FA7-9D99-E16E27E51A50}"
EndProject
Global
	GlobalSection(SolutionConfigurationPlatforms) = preSolution
		Debug|Any CPU = Debug|Any CPU
		Release|Any CPU = Release|Any CPU
	EndGlobalSection
	GlobalSection(SolutionProperties) = preSolution
		HideSolutionNode = FALSE
	EndGlobalSection
	GlobalSection(ProjectConfigurationPlatforms) = postSolution
		{D78A442D-FFE4-4FA7-9D99-E16E27E51A50}.Debug|Any CPU.ActiveCfg = Debug|Any CPU
		{D78A442D-FFE4-4FA7-9D99-E16E27E51A50}.Debug|Any CPU.Build.0 = Debug|Any CPU
		{D78A442D-FFE4-4FA7-9D99-E16E27E51A50}.Release|Any CPU.ActiveCfg = Release|Any CPU
		{D78A442D-FFE4-4FA7-9D99-E16E27E51A50}.Release|Any CPU.Build.0 = Release|Any CPU
	EndGlobalSection
EndGlobal
